
Microsoft Visual Studio Solution File, Format Version 12.00
# Visual Studio Version 17
VisualStudioVersion = 17.5.33516.290
MinimumVisualStudioVersion = 10.0.40219.1
Project("{FAE04EC0-301F-11D3-BF4B-00C04F79EFBC}") = "Movies-PRN211", "Movies-PRN211\Movies-PRN211.csproj", "{2BF1982D-E2AA-4FE9-A5C6-551FA6B8E192}"
EndProject
Global
	GlobalSection(SolutionConfigurationPlatforms) = preSolution
		Debug|Any CPU = Debug|Any CPU
		Release|Any CPU = Release|Any CPU
	EndGlobalSection
	GlobalSection(ProjectConfigurationPlatforms) = postSolution
		{2BF1982D-E2AA-4FE9-A5C6-551FA6B8E192}.Debug|Any CPU.ActiveCfg = Debug|Any CPU
		{2BF1982D-E2AA-4FE9-A5C6-551FA6B8E192}.Debug|Any CPU.Build.0 = Debug|Any CPU
		{2BF1982D-E2AA-4FE9-A5C6-551FA6B8E192}.Release|Any CPU.ActiveCfg = Release|Any CPU
		{2BF1982D-E2AA-4FE9-A5C6-551FA6B8E192}.Release|Any CPU.Build.0 = Release|Any CPU
	EndGlobalSection
	GlobalSection(SolutionProperties) = preSolution
		HideSolutionNode = FALSE
	EndGlobalSection
	GlobalSection(ExtensibilityGlobals) = postSolution
		SolutionGuid = {2CB532CC-63FB-47F0-8D00-D4C9050E0714}
	EndGlobalSection
EndGlobal
